// !$*UTF8*$!
{
	archiveVersion = 1;
	classes = {
	};
	objectVersion = 56;
	objects = {

/* Begin PBXBuildFile section */
		1D06A0532D9A2F5B00A7E6A0 /* BackgroundContext.swift in Sources */ = {isa = PBXBuildFile; fileRef = 1D06A0522D9A2F5B00A7E6A0 /* BackgroundContext.swift */; };
		1D06A0562D9A3D2A00A7E6A0 /* Launch Screen.storyboard in Resources */ = {isa = PBXBuildFile; fileRef = 1D06A0552D9A3D2A00A7E6A0 /* Launch Screen.storyboard */; };
		1D06A0582D9A472C00A7E6A0 /* WelcomeView.swift in Sources */ = {isa = PBXBuildFile; fileRef = 1D06A0572D9A472C00A7E6A0 /* WelcomeView.swift */; };
		1D06A05B2D9A47CA00A7E6A0 /* AppStorageManager.swift in Sources */ = {isa = PBXBuildFile; fileRef = 1D06A05A2D9A47CA00A7E6A0 /* AppStorageManager.swift */; };
		1D06A05D2D9A50C700A7E6A0 /* PrivacyPolicyView.swift in Sources */ = {isa = PBXBuildFile; fileRef = 1D06A05C2D9A50C700A7E6A0 /* PrivacyPolicyView.swift */; };
		1D06A05F2D9A50DB00A7E6A0 /* HomeView.swift in Sources */ = {isa = PBXBuildFile; fileRef = 1D06A05E2D9A50DB00A7E6A0 /* HomeView.swift */; };
		1D0FA6DB2D22513A00ABF5F6 /* InfoPlist.strings in Resources */ = {isa = PBXBuildFile; fileRef = 1D0FA6D92D22513A00ABF5F6 /* InfoPlist.strings */; };
		1D16EDA72DB618DB001B6A12 /* ExchangeRateChart.swift in Sources */ = {isa = PBXBuildFile; fileRef = 1D16EDA62DB618DB001B6A12 /* ExchangeRateChart.swift */; };
		1D1AE4912DAE185F00642709 /* currencySymbol.swift in Sources */ = {isa = PBXBuildFile; fileRef = 1D1AE4902DAE185F00642709 /* currencySymbol.swift */; };
		1D1BABA72CBF45C500FDA031 /* Localizable.xcstrings in Resources */ = {isa = PBXBuildFile; fileRef = 1D1BABA62CBF45C500FDA031 /* Localizable.xcstrings */; };
		1D1BABEC2CBF5EB000FDA031 /* Color.swift in Sources */ = {isa = PBXBuildFile; fileRef = 1D1BABEB2CBF5EB000FDA031 /* Color.swift */; };
		1D2097812DAAAAA400307A3D /* CoreDataPersistenceController.swift in Sources */ = {isa = PBXBuildFile; fileRef = 1D2097802DAAAAA400307A3D /* CoreDataPersistenceController.swift */; };
		1D263AFD2DA103CB00112259 /* ForeignCurrencyView.swift in Sources */ = {isa = PBXBuildFile; fileRef = 1D263AFC2DA103CB00112259 /* ForeignCurrencyView.swift */; };
		1D38D4882DB9E9A600614E81 /* eurofxref-hist.csv in Resources */ = {isa = PBXBuildFile; fileRef = 1D38D4872DB9E9A600614E81 /* eurofxref-hist.csv */; };
		1D38D48A2DBA17F300614E81 /* extensionBundle.swift in Sources */ = {isa = PBXBuildFile; fileRef = 1D38D4892DBA17F300614E81 /* extensionBundle.swift */; };
		1D3AE1A62DB74C34006C48E0 /* ExchangeRateChartPoint.swift in Sources */ = {isa = PBXBuildFile; fileRef = 1D3AE1A52DB74C34006C48E0 /* ExchangeRateChartPoint.swift */; };
		1D4535FA2DA2B4FD001BFD9A /* ExchangeRate.swift in Sources */ = {isa = PBXBuildFile; fileRef = 1D4535F92DA2B4FD001BFD9A /* ExchangeRate.swift */; };
		1D472FD12DB208590077328B /* UserForeignCurrency+CoreDataClass.swift in Sources */ = {isa = PBXBuildFile; fileRef = 1D472FCD2DB208590077328B /* UserForeignCurrency+CoreDataClass.swift */; };
		1D472FD22DB208590077328B /* UserForeignCurrency+CoreDataProperties.swift in Sources */ = {isa = PBXBuildFile; fileRef = 1D472FCE2DB208590077328B /* UserForeignCurrency+CoreDataProperties.swift */; };
		1D472FD32DB208590077328B /* Eurofxrefhist+CoreDataClass.swift in Sources */ = {isa = PBXBuildFile; fileRef = 1D472FCF2DB208590077328B /* Eurofxrefhist+CoreDataClass.swift */; };
		1D472FD42DB208590077328B /* Eurofxrefhist+CoreDataProperties.swift in Sources */ = {isa = PBXBuildFile; fileRef = 1D472FD02DB208590077328B /* Eurofxrefhist+CoreDataProperties.swift */; };
		1D68A7952DBE677C002B3DA0 /* ExchangeRateDataModel.xcdatamodeld in Sources */ = {isa = PBXBuildFile; fileRef = 1D68A7932DBE677C002B3DA0 /* ExchangeRateDataModel.xcdatamodeld */; };
		1D7882892DA1F0DD0041AAF9 /* ConversionView.swift in Sources */ = {isa = PBXBuildFile; fileRef = 1D7882882DA1F0DD0041AAF9 /* ConversionView.swift */; };
		1D78828B2DA1F2310041AAF9 /* StatisticsView.swift in Sources */ = {isa = PBXBuildFile; fileRef = 1D78828A2DA1F2310041AAF9 /* StatisticsView.swift */; };
		1D78828D2DA1F26A0041AAF9 /* ChangeCurrencyView.swift in Sources */ = {isa = PBXBuildFile; fileRef = 1D78828C2DA1F26A0041AAF9 /* ChangeCurrencyView.swift */; };
		1D78828F2DA1F2970041AAF9 /* SetView.swift in Sources */ = {isa = PBXBuildFile; fileRef = 1D78828E2DA1F2970041AAF9 /* SetView.swift */; };
		1D7882912DA1FA9F0041AAF9 /* ProfitView.swift in Sources */ = {isa = PBXBuildFile; fileRef = 1D7882902DA1FA9F0041AAF9 /* ProfitView.swift */; };
		1D7882932DA20B880041AAF9 /* IAPManager.swift in Sources */ = {isa = PBXBuildFile; fileRef = 1D7882922DA20B880041AAF9 /* IAPManager.swift */; };
		1D807D592CC3495B0078DD91 /* MessageUI.framework in Frameworks */ = {isa = PBXBuildFile; fileRef = 1D807D582CC3495B0078DD91 /* MessageUI.framework */; };
		1D927FB82DCC583100E96BA0 /* CryptoDTO.swift in Sources */ = {isa = PBXBuildFile; fileRef = 1D927FB72DCC583000E96BA0 /* CryptoDTO.swift */; };
		1D927FBA2DCC586A00E96BA0 /* CryptoJSON.json in Resources */ = {isa = PBXBuildFile; fileRef = 1D927FB92DCC586A00E96BA0 /* CryptoJSON.json */; };
		1D93E9CD2CBE57A6006E077C /* ERdepotApp.swift in Sources */ = {isa = PBXBuildFile; fileRef = 1D93E9CC2CBE57A6006E077C /* ERdepotApp.swift */; };
		1D93E9CF2CBE57A6006E077C /* ContentView.swift in Sources */ = {isa = PBXBuildFile; fileRef = 1D93E9CE2CBE57A6006E077C /* ContentView.swift */; };
		1D93E9D12CBE57A8006E077C /* Assets.xcassets in Resources */ = {isa = PBXBuildFile; fileRef = 1D93E9D02CBE57A8006E077C /* Assets.xcassets */; };
		1D93E9D42CBE57A8006E077C /* Preview Assets.xcassets in Resources */ = {isa = PBXBuildFile; fileRef = 1D93E9D32CBE57A8006E077C /* Preview Assets.xcassets */; };
		1D93E9DE2CBE57A8006E077C /* ERdepotTests.swift in Sources */ = {isa = PBXBuildFile; fileRef = 1D93E9DD2CBE57A8006E077C /* ERdepotTests.swift */; };
		1D93E9E82CBE57A8006E077C /* ERdepotUITests.swift in Sources */ = {isa = PBXBuildFile; fileRef = 1D93E9E72CBE57A8006E077C /* ERdepotUITests.swift */; };
		1D93E9EA2CBE57A8006E077C /* ERdepotUITestsLaunchTests.swift in Sources */ = {isa = PBXBuildFile; fileRef = 1D93E9E92CBE57A8006E077C /* ERdepotUITestsLaunchTests.swift */; };
		1D965DE92DCF73E90033EE9F /* Gold.json in Resources */ = {isa = PBXBuildFile; fileRef = 1D965DE82DCF73E90033EE9F /* Gold.json */; };
		1DB52F032DAE7B66005A374E /* ExtensionDouble.swift in Sources */ = {isa = PBXBuildFile; fileRef = 1DB52F022DAE7B66005A374E /* ExtensionDouble.swift */; };
		1DC0E9D82CC3959700C1A9BA /* StoreKit.framework in Frameworks */ = {isa = PBXBuildFile; fileRef = 1DC0E9D72CC3959700C1A9BA /* StoreKit.framework */; };
		1DD84DD52CC74DD300C55178 /* LottieView.swift in Sources */ = {isa = PBXBuildFile; fileRef = 1DD84DD42CC74DD300C55178 /* LottieView.swift */; };
		1DE82AED2DABBFA500AF9A11 /* Zip in Frameworks */ = {isa = PBXBuildFile; productRef = 1DE82AEC2DABBFA500AF9A11 /* Zip */; };
		1DE82AF02DABBFB500AF9A11 /* Lottie in Frameworks */ = {isa = PBXBuildFile; productRef = 1DE82AEF2DABBFB500AF9A11 /* Lottie */; };
		1DF60D412DD057D500CF5456 /* Cryptocurrency.swift in Sources */ = {isa = PBXBuildFile; fileRef = 1DF60D402DD057D100CF5456 /* Cryptocurrency.swift */; };
		1DF60D432DD058BD00CF5456 /* DailyGoldPrice.swift in Sources */ = {isa = PBXBuildFile; fileRef = 1DF60D422DD058B400CF5456 /* DailyGoldPrice.swift */; };
		1DF60D452DD0593100CF5456 /* StockIndex.swift in Sources */ = {isa = PBXBuildFile; fileRef = 1DF60D442DD0592800CF5456 /* StockIndex.swift */; };
/* End PBXBuildFile section */

/* Begin PBXContainerItemProxy section */
		1D93E9DA2CBE57A8006E077C /* PBXContainerItemProxy */ = {
			isa = PBXContainerItemProxy;
			containerPortal = 1D93E9C12CBE57A6006E077C /* Project object */;
			proxyType = 1;
			remoteGlobalIDString = 1D93E9C82CBE57A6006E077C;
			remoteInfo = ERdepot;
		};
		1D93E9E42CBE57A8006E077C /* PBXContainerItemProxy */ = {
			isa = PBXContainerItemProxy;
			containerPortal = 1D93E9C12CBE57A6006E077C /* Project object */;
			proxyType = 1;
			remoteGlobalIDString = 1D93E9C82CBE57A6006E077C;
			remoteInfo = ERdepot;
		};
/* End PBXContainerItemProxy section */

/* Begin PBXFileReference section */
		1D06A0522D9A2F5B00A7E6A0 /* BackgroundContext.swift */ = {isa = PBXFileReference; lastKnownFileType = sourcecode.swift; path = BackgroundContext.swift; sourceTree = "<group>"; };
		1D06A0552D9A3D2A00A7E6A0 /* Launch Screen.storyboard */ = {isa = PBXFileReference; lastKnownFileType = file.storyboard; path = "Launch Screen.storyboard"; sourceTree = "<group>"; };
		1D06A0572D9A472C00A7E6A0 /* WelcomeView.swift */ = {isa = PBXFileReference; lastKnownFileType = sourcecode.swift; path = WelcomeView.swift; sourceTree = "<group>"; };
		1D06A0592D9A477000A7E6A0 /* ERdepot.entitlements */ = {isa = PBXFileReference; lastKnownFileType = text.plist.entitlements; path = ERdepot.entitlements; sourceTree = "<group>"; };
		1D06A05A2D9A47CA00A7E6A0 /* AppStorageManager.swift */ = {isa = PBXFileReference; lastKnownFileType = sourcecode.swift; path = AppStorageManager.swift; sourceTree = "<group>"; };
		1D06A05C2D9A50C700A7E6A0 /* PrivacyPolicyView.swift */ = {isa = PBXFileReference; lastKnownFileType = sourcecode.swift; path = PrivacyPolicyView.swift; sourceTree = "<group>"; };
		1D06A05E2D9A50DB00A7E6A0 /* HomeView.swift */ = {isa = PBXFileReference; lastKnownFileType = sourcecode.swift; path = HomeView.swift; sourceTree = "<group>"; };
		1D0FA6DA2D22513A00ABF5F6 /* en */ = {isa = PBXFileReference; lastKnownFileType = text.plist.strings; name = en; path = en.lproj/InfoPlist.strings; sourceTree = "<group>"; };
		1D0FA6DC2D22517500ABF5F6 /* ar */ = {isa = PBXFileReference; lastKnownFileType = text.plist.strings; name = ar; path = ar.lproj/InfoPlist.strings; sourceTree = "<group>"; };
		1D0FA6DD2D22517600ABF5F6 /* ca */ = {isa = PBXFileReference; lastKnownFileType = text.plist.strings; name = ca; path = ca.lproj/InfoPlist.strings; sourceTree = "<group>"; };
		1D0FA6DE2D22517700ABF5F6 /* zh-HK */ = {isa = PBXFileReference; lastKnownFileType = text.plist.strings; name = "zh-HK"; path = "zh-HK.lproj/InfoPlist.strings"; sourceTree = "<group>"; };
		1D0FA6DF2D22517800ABF5F6 /* zh-Hans */ = {isa = PBXFileReference; lastKnownFileType = text.plist.strings; name = "zh-Hans"; path = "zh-Hans.lproj/InfoPlist.strings"; sourceTree = "<group>"; };
		1D0FA6E12D22517D00ABF5F6 /* zh-Hant */ = {isa = PBXFileReference; lastKnownFileType = text.plist.strings; name = "zh-Hant"; path = "zh-Hant.lproj/InfoPlist.strings"; sourceTree = "<group>"; };
		1D16EDA62DB618DB001B6A12 /* ExchangeRateChart.swift */ = {isa = PBXFileReference; lastKnownFileType = sourcecode.swift; path = ExchangeRateChart.swift; sourceTree = "<group>"; };
		1D1AE4902DAE185F00642709 /* currencySymbol.swift */ = {isa = PBXFileReference; lastKnownFileType = sourcecode.swift; path = currencySymbol.swift; sourceTree = "<group>"; };
		1D1BABA62CBF45C500FDA031 /* Localizable.xcstrings */ = {isa = PBXFileReference; lastKnownFileType = text.json.xcstrings; path = Localizable.xcstrings; sourceTree = "<group>"; };
		1D1BABEB2CBF5EB000FDA031 /* Color.swift */ = {isa = PBXFileReference; lastKnownFileType = sourcecode.swift; path = Color.swift; sourceTree = "<group>"; };
		1D2097802DAAAAA400307A3D /* CoreDataPersistenceController.swift */ = {isa = PBXFileReference; lastKnownFileType = sourcecode.swift; path = CoreDataPersistenceController.swift; sourceTree = "<group>"; };
		1D263AFC2DA103CB00112259 /* ForeignCurrencyView.swift */ = {isa = PBXFileReference; lastKnownFileType = sourcecode.swift; path = ForeignCurrencyView.swift; sourceTree = "<group>"; };
		1D38D4872DB9E9A600614E81 /* eurofxref-hist.csv */ = {isa = PBXFileReference; fileEncoding = 4; lastKnownFileType = text; path = "eurofxref-hist.csv"; sourceTree = "<group>"; };
		1D38D4892DBA17F300614E81 /* extensionBundle.swift */ = {isa = PBXFileReference; lastKnownFileType = sourcecode.swift; path = extensionBundle.swift; sourceTree = "<group>"; };
		1D3AE1A52DB74C34006C48E0 /* ExchangeRateChartPoint.swift */ = {isa = PBXFileReference; lastKnownFileType = sourcecode.swift; path = ExchangeRateChartPoint.swift; sourceTree = "<group>"; };
		1D4535F92DA2B4FD001BFD9A /* ExchangeRate.swift */ = {isa = PBXFileReference; lastKnownFileType = sourcecode.swift; path = ExchangeRate.swift; sourceTree = "<group>"; };
		1D472FCD2DB208590077328B /* UserForeignCurrency+CoreDataClass.swift */ = {isa = PBXFileReference; lastKnownFileType = sourcecode.swift; name = "UserForeignCurrency+CoreDataClass.swift"; path = "ERdepot/CoreData/UserForeignCurrency+CoreDataClass.swift"; sourceTree = "<group>"; };
		1D472FCE2DB208590077328B /* UserForeignCurrency+CoreDataProperties.swift */ = {isa = PBXFileReference; lastKnownFileType = sourcecode.swift; name = "UserForeignCurrency+CoreDataProperties.swift"; path = "ERdepot/CoreData/UserForeignCurrency+CoreDataProperties.swift"; sourceTree = "<group>"; };
		1D472FCF2DB208590077328B /* Eurofxrefhist+CoreDataClass.swift */ = {isa = PBXFileReference; lastKnownFileType = sourcecode.swift; name = "Eurofxrefhist+CoreDataClass.swift"; path = "ERdepot/CoreData/Eurofxrefhist+CoreDataClass.swift"; sourceTree = "<group>"; };
		1D472FD02DB208590077328B /* Eurofxrefhist+CoreDataProperties.swift */ = {isa = PBXFileReference; lastKnownFileType = sourcecode.swift; name = "Eurofxrefhist+CoreDataProperties.swift"; path = "ERdepot/CoreData/Eurofxrefhist+CoreDataProperties.swift"; sourceTree = "<group>"; };
		1D68A7942DBE677C002B3DA0 /* ExchangeRateDataModel.xcdatamodel */ = {isa = PBXFileReference; lastKnownFileType = wrapper.xcdatamodel; path = ExchangeRateDataModel.xcdatamodel; sourceTree = "<group>"; };
		1D7882882DA1F0DD0041AAF9 /* ConversionView.swift */ = {isa = PBXFileReference; lastKnownFileType = sourcecode.swift; path = ConversionView.swift; sourceTree = "<group>"; };
		1D78828A2DA1F2310041AAF9 /* StatisticsView.swift */ = {isa = PBXFileReference; lastKnownFileType = sourcecode.swift; path = StatisticsView.swift; sourceTree = "<group>"; };
		1D78828C2DA1F26A0041AAF9 /* ChangeCurrencyView.swift */ = {isa = PBXFileReference; lastKnownFileType = sourcecode.swift; path = ChangeCurrencyView.swift; sourceTree = "<group>"; };
		1D78828E2DA1F2970041AAF9 /* SetView.swift */ = {isa = PBXFileReference; lastKnownFileType = sourcecode.swift; path = SetView.swift; sourceTree = "<group>"; };
		1D7882902DA1FA9F0041AAF9 /* ProfitView.swift */ = {isa = PBXFileReference; lastKnownFileType = sourcecode.swift; path = ProfitView.swift; sourceTree = "<group>"; };
		1D7882922DA20B880041AAF9 /* IAPManager.swift */ = {isa = PBXFileReference; lastKnownFileType = sourcecode.swift; path = IAPManager.swift; sourceTree = "<group>"; };
		1D807D582CC3495B0078DD91 /* MessageUI.framework */ = {isa = PBXFileReference; lastKnownFileType = wrapper.framework; name = MessageUI.framework; path = System/Library/Frameworks/MessageUI.framework; sourceTree = SDKROOT; };
		1D927FB72DCC583000E96BA0 /* CryptoDTO.swift */ = {isa = PBXFileReference; lastKnownFileType = sourcecode.swift; path = CryptoDTO.swift; sourceTree = "<group>"; };
		1D927FB92DCC586A00E96BA0 /* CryptoJSON.json */ = {isa = PBXFileReference; lastKnownFileType = text.json; path = CryptoJSON.json; sourceTree = "<group>"; };
		1D92F7502D05B5A7001E24F2 /* Info.plist */ = {isa = PBXFileReference; lastKnownFileType = text.plist.xml; path = Info.plist; sourceTree = "<group>"; };
		1D93E9C92CBE57A6006E077C /* ERdepot.app */ = {isa = PBXFileReference; explicitFileType = wrapper.application; includeInIndex = 0; path = ERdepot.app; sourceTree = BUILT_PRODUCTS_DIR; };
		1D93E9CC2CBE57A6006E077C /* ERdepotApp.swift */ = {isa = PBXFileReference; lastKnownFileType = sourcecode.swift; path = ERdepotApp.swift; sourceTree = "<group>"; };
		1D93E9CE2CBE57A6006E077C /* ContentView.swift */ = {isa = PBXFileReference; lastKnownFileType = sourcecode.swift; path = ContentView.swift; sourceTree = "<group>"; };
		1D93E9D02CBE57A8006E077C /* Assets.xcassets */ = {isa = PBXFileReference; lastKnownFileType = folder.assetcatalog; path = Assets.xcassets; sourceTree = "<group>"; };
		1D93E9D32CBE57A8006E077C /* Preview Assets.xcassets */ = {isa = PBXFileReference; lastKnownFileType = folder.assetcatalog; path = "Preview Assets.xcassets"; sourceTree = "<group>"; };
		1D93E9D92CBE57A8006E077C /* ERdepotTests.xctest */ = {isa = PBXFileReference; explicitFileType = wrapper.cfbundle; includeInIndex = 0; path = ERdepotTests.xctest; sourceTree = BUILT_PRODUCTS_DIR; };
		1D93E9DD2CBE57A8006E077C /* ERdepotTests.swift */ = {isa = PBXFileReference; lastKnownFileType = sourcecode.swift; path = ERdepotTests.swift; sourceTree = "<group>"; };
		1D93E9E32CBE57A8006E077C /* ERdepotUITests.xctest */ = {isa = PBXFileReference; explicitFileType = wrapper.cfbundle; includeInIndex = 0; path = ERdepotUITests.xctest; sourceTree = BUILT_PRODUCTS_DIR; };
		1D93E9E72CBE57A8006E077C /* ERdepotUITests.swift */ = {isa = PBXFileReference; lastKnownFileType = sourcecode.swift; path = ERdepotUITests.swift; sourceTree = "<group>"; };
		1D93E9E92CBE57A8006E077C /* ERdepotUITestsLaunchTests.swift */ = {isa = PBXFileReference; lastKnownFileType = sourcecode.swift; path = ERdepotUITestsLaunchTests.swift; sourceTree = "<group>"; };
		1D965DE82DCF73E90033EE9F /* Gold.json */ = {isa = PBXFileReference; lastKnownFileType = text.json; path = Gold.json; sourceTree = "<group>"; };
		1DAF14342D93853E00AEE887 /* hr */ = {isa = PBXFileReference; lastKnownFileType = text.plist.strings; name = hr; path = hr.lproj/InfoPlist.strings; sourceTree = "<group>"; };
		1DAF14352D93854000AEE887 /* cs */ = {isa = PBXFileReference; lastKnownFileType = text.plist.strings; name = cs; path = cs.lproj/InfoPlist.strings; sourceTree = "<group>"; };
		1DAF14362D93854100AEE887 /* da */ = {isa = PBXFileReference; lastKnownFileType = text.plist.strings; name = da; path = da.lproj/InfoPlist.strings; sourceTree = "<group>"; };
		1DAF14372D93854200AEE887 /* nl */ = {isa = PBXFileReference; lastKnownFileType = text.plist.strings; name = nl; path = nl.lproj/InfoPlist.strings; sourceTree = "<group>"; };
		1DAF14382D93854500AEE887 /* en-AU */ = {isa = PBXFileReference; lastKnownFileType = text.plist.strings; name = "en-AU"; path = "en-AU.lproj/InfoPlist.strings"; sourceTree = "<group>"; };
		1DAF14392D93854600AEE887 /* en-IN */ = {isa = PBXFileReference; lastKnownFileType = text.plist.strings; name = "en-IN"; path = "en-IN.lproj/InfoPlist.strings"; sourceTree = "<group>"; };
		1DAF143A2D93854700AEE887 /* en-GB */ = {isa = PBXFileReference; lastKnownFileType = text.plist.strings; name = "en-GB"; path = "en-GB.lproj/InfoPlist.strings"; sourceTree = "<group>"; };
		1DAF143B2D93854800AEE887 /* fi */ = {isa = PBXFileReference; lastKnownFileType = text.plist.strings; name = fi; path = fi.lproj/InfoPlist.strings; sourceTree = "<group>"; };
		1DAF143C2D93854A00AEE887 /* fr */ = {isa = PBXFileReference; lastKnownFileType = text.plist.strings; name = fr; path = fr.lproj/InfoPlist.strings; sourceTree = "<group>"; };
		1DAF143D2D93854A00AEE887 /* fr-CA */ = {isa = PBXFileReference; lastKnownFileType = text.plist.strings; name = "fr-CA"; path = "fr-CA.lproj/InfoPlist.strings"; sourceTree = "<group>"; };
		1DAF143E2D93854E00AEE887 /* de */ = {isa = PBXFileReference; lastKnownFileType = text.plist.strings; name = de; path = de.lproj/InfoPlist.strings; sourceTree = "<group>"; };
		1DAF143F2D93854F00AEE887 /* el */ = {isa = PBXFileReference; lastKnownFileType = text.plist.strings; name = el; path = el.lproj/InfoPlist.strings; sourceTree = "<group>"; };
		1DAF14402D93855000AEE887 /* he */ = {isa = PBXFileReference; lastKnownFileType = text.plist.strings; name = he; path = he.lproj/InfoPlist.strings; sourceTree = "<group>"; };
		1DAF14412D93855100AEE887 /* hi */ = {isa = PBXFileReference; lastKnownFileType = text.plist.strings; name = hi; path = hi.lproj/InfoPlist.strings; sourceTree = "<group>"; };
		1DAF14422D93855200AEE887 /* hu */ = {isa = PBXFileReference; lastKnownFileType = text.plist.strings; name = hu; path = hu.lproj/InfoPlist.strings; sourceTree = "<group>"; };
		1DAF14432D93855400AEE887 /* id */ = {isa = PBXFileReference; lastKnownFileType = text.plist.strings; name = id; path = id.lproj/InfoPlist.strings; sourceTree = "<group>"; };
		1DAF14442D93855400AEE887 /* it */ = {isa = PBXFileReference; lastKnownFileType = text.plist.strings; name = it; path = it.lproj/InfoPlist.strings; sourceTree = "<group>"; };
		1DAF14452D93855500AEE887 /* ja */ = {isa = PBXFileReference; lastKnownFileType = text.plist.strings; name = ja; path = ja.lproj/InfoPlist.strings; sourceTree = "<group>"; };
		1DAF14462D93855600AEE887 /* ko */ = {isa = PBXFileReference; lastKnownFileType = text.plist.strings; name = ko; path = ko.lproj/InfoPlist.strings; sourceTree = "<group>"; };
		1DAF14472D93855700AEE887 /* ms */ = {isa = PBXFileReference; lastKnownFileType = text.plist.strings; name = ms; path = ms.lproj/InfoPlist.strings; sourceTree = "<group>"; };
		1DAF14482D93855800AEE887 /* nb */ = {isa = PBXFileReference; lastKnownFileType = text.plist.strings; name = nb; path = nb.lproj/InfoPlist.strings; sourceTree = "<group>"; };
		1DAF14492D93855800AEE887 /* pl */ = {isa = PBXFileReference; lastKnownFileType = text.plist.strings; name = pl; path = pl.lproj/InfoPlist.strings; sourceTree = "<group>"; };
		1DAF144A2D93855900AEE887 /* pt-BR */ = {isa = PBXFileReference; lastKnownFileType = text.plist.strings; name = "pt-BR"; path = "pt-BR.lproj/InfoPlist.strings"; sourceTree = "<group>"; };
		1DAF144B2D93855A00AEE887 /* pt-PT */ = {isa = PBXFileReference; lastKnownFileType = text.plist.strings; name = "pt-PT"; path = "pt-PT.lproj/InfoPlist.strings"; sourceTree = "<group>"; };
		1DAF144C2D93855B00AEE887 /* ro */ = {isa = PBXFileReference; lastKnownFileType = text.plist.strings; name = ro; path = ro.lproj/InfoPlist.strings; sourceTree = "<group>"; };
		1DAF144D2D93855B00AEE887 /* ru */ = {isa = PBXFileReference; lastKnownFileType = text.plist.strings; name = ru; path = ru.lproj/InfoPlist.strings; sourceTree = "<group>"; };
		1DAF144E2D93855C00AEE887 /* sk */ = {isa = PBXFileReference; lastKnownFileType = text.plist.strings; name = sk; path = sk.lproj/InfoPlist.strings; sourceTree = "<group>"; };
		1DAF144F2D93855D00AEE887 /* es */ = {isa = PBXFileReference; lastKnownFileType = text.plist.strings; name = es; path = es.lproj/InfoPlist.strings; sourceTree = "<group>"; };
		1DAF14502D93855D00AEE887 /* es-419 */ = {isa = PBXFileReference; lastKnownFileType = text.plist.strings; name = "es-419"; path = "es-419.lproj/InfoPlist.strings"; sourceTree = "<group>"; };
		1DAF14512D93855F00AEE887 /* sv */ = {isa = PBXFileReference; lastKnownFileType = text.plist.strings; name = sv; path = sv.lproj/InfoPlist.strings; sourceTree = "<group>"; };
		1DAF14522D93855F00AEE887 /* th */ = {isa = PBXFileReference; lastKnownFileType = text.plist.strings; name = th; path = th.lproj/InfoPlist.strings; sourceTree = "<group>"; };
		1DAF14532D93856000AEE887 /* tr */ = {isa = PBXFileReference; lastKnownFileType = text.plist.strings; name = tr; path = tr.lproj/InfoPlist.strings; sourceTree = "<group>"; };
		1DAF14542D93856300AEE887 /* uk */ = {isa = PBXFileReference; lastKnownFileType = text.plist.strings; name = uk; path = uk.lproj/InfoPlist.strings; sourceTree = "<group>"; };
		1DAF14552D93856400AEE887 /* vi */ = {isa = PBXFileReference; lastKnownFileType = text.plist.strings; name = vi; path = vi.lproj/InfoPlist.strings; sourceTree = "<group>"; };
		1DB52F022DAE7B66005A374E /* ExtensionDouble.swift */ = {isa = PBXFileReference; lastKnownFileType = sourcecode.swift; path = ExtensionDouble.swift; sourceTree = "<group>"; };
		1DC0E9D72CC3959700C1A9BA /* StoreKit.framework */ = {isa = PBXFileReference; lastKnownFileType = wrapper.framework; name = StoreKit.framework; path = System/Library/Frameworks/StoreKit.framework; sourceTree = SDKROOT; };
		1DD84DD42CC74DD300C55178 /* LottieView.swift */ = {isa = PBXFileReference; lastKnownFileType = sourcecode.swift; path = LottieView.swift; sourceTree = "<group>"; };
		1DF60D402DD057D100CF5456 /* Cryptocurrency.swift */ = {isa = PBXFileReference; lastKnownFileType = sourcecode.swift; path = Cryptocurrency.swift; sourceTree = "<group>"; };
		1DF60D422DD058B400CF5456 /* DailyGoldPrice.swift */ = {isa = PBXFileReference; lastKnownFileType = sourcecode.swift; path = DailyGoldPrice.swift; sourceTree = "<group>"; };
		1DF60D442DD0592800CF5456 /* StockIndex.swift */ = {isa = PBXFileReference; lastKnownFileType = sourcecode.swift; path = StockIndex.swift; sourceTree = "<group>"; };
/* End PBXFileReference section */

/* Begin PBXFrameworksBuildPhase section */
		1D93E9C62CBE57A6006E077C /* Frameworks */ = {
			isa = PBXFrameworksBuildPhase;
			buildActionMask = 2147483647;
			files = (
				1DE82AED2DABBFA500AF9A11 /* Zip in Frameworks */,
				1D807D592CC3495B0078DD91 /* MessageUI.framework in Frameworks */,
				1DC0E9D82CC3959700C1A9BA /* StoreKit.framework in Frameworks */,
				1DE82AF02DABBFB500AF9A11 /* Lottie in Frameworks */,
			);
			runOnlyForDeploymentPostprocessing = 0;
		};
		1D93E9D62CBE57A8006E077C /* Frameworks */ = {
			isa = PBXFrameworksBuildPhase;
			buildActionMask = 2147483647;
			files = (
			);
			runOnlyForDeploymentPostprocessing = 0;
		};
		1D93E9E02CBE57A8006E077C /* Frameworks */ = {
			isa = PBXFrameworksBuildPhase;
			buildActionMask = 2147483647;
			files = (
			);
			runOnlyForDeploymentPostprocessing = 0;
		};
/* End PBXFrameworksBuildPhase section */

/* Begin PBXGroup section */
		1D06A0542D9A3D0D00A7E6A0 /* StartPage */ = {
			isa = PBXGroup;
			children = (
				1D06A0552D9A3D2A00A7E6A0 /* Launch Screen.storyboard */,
			);
			path = StartPage;
			sourceTree = "<group>";
		};
		1D0FA6D82D22510700ABF5F6 /* Strings */ = {
			isa = PBXGroup;
			children = (
				1D0FA6D92D22513A00ABF5F6 /* InfoPlist.strings */,
			);
			path = Strings;
			sourceTree = "<group>";
		};
		1D1BABE82CBF4FDD00FDA031 /* View */ = {
			isa = PBXGroup;
			children = (
				1D06A0572D9A472C00A7E6A0 /* WelcomeView.swift */,
				1D06A05C2D9A50C700A7E6A0 /* PrivacyPolicyView.swift */,
				1D06A05E2D9A50DB00A7E6A0 /* HomeView.swift */,
				1D263AFC2DA103CB00112259 /* ForeignCurrencyView.swift */,
				1D7882882DA1F0DD0041AAF9 /* ConversionView.swift */,
				1D78828A2DA1F2310041AAF9 /* StatisticsView.swift */,
				1D78828C2DA1F26A0041AAF9 /* ChangeCurrencyView.swift */,
				1D78828E2DA1F2970041AAF9 /* SetView.swift */,
				1D7882902DA1FA9F0041AAF9 /* ProfitView.swift */,
				1DF60D402DD057D100CF5456 /* Cryptocurrency.swift */,
				1DF60D422DD058B400CF5456 /* DailyGoldPrice.swift */,
				1DF60D442DD0592800CF5456 /* StockIndex.swift */,
			);
			path = View;
			sourceTree = "<group>";
		};
		1D2F73582D92F57000FC73BA /* Model */ = {
			isa = PBXGroup;
			children = (
				1D927FB72DCC583000E96BA0 /* CryptoDTO.swift */,
				1D1BABEB2CBF5EB000FDA031 /* Color.swift */,
				1D68A7932DBE677C002B3DA0 /* ExchangeRateDataModel.xcdatamodeld */,
				1D06A0522D9A2F5B00A7E6A0 /* BackgroundContext.swift */,
				1D06A05A2D9A47CA00A7E6A0 /* AppStorageManager.swift */,
				1D7882922DA20B880041AAF9 /* IAPManager.swift */,
				1D4535F92DA2B4FD001BFD9A /* ExchangeRate.swift */,
				1D2097802DAAAAA400307A3D /* CoreDataPersistenceController.swift */,
				1D1AE4902DAE185F00642709 /* currencySymbol.swift */,
				1DB52F022DAE7B66005A374E /* ExtensionDouble.swift */,
				1D3AE1A52DB74C34006C48E0 /* ExchangeRateChartPoint.swift */,
				1D38D4892DBA17F300614E81 /* extensionBundle.swift */,
			);
			path = Model;
			sourceTree = "<group>";
		};
		1D2F73592D92F57600FC73BA /* ModelView */ = {
			isa = PBXGroup;
			children = (
				1DD84DD42CC74DD300C55178 /* LottieView.swift */,
				1D16EDA62DB618DB001B6A12 /* ExchangeRateChart.swift */,
			);
			path = ModelView;
			sourceTree = "<group>";
		};
		1D7882942DA22F330041AAF9 /* OtherFiles */ = {
			isa = PBXGroup;
			children = (
				1D927FB92DCC586A00E96BA0 /* CryptoJSON.json */,
				1D965DE82DCF73E90033EE9F /* Gold.json */,
				1D38D4872DB9E9A600614E81 /* eurofxref-hist.csv */,
			);
			path = OtherFiles;
			sourceTree = "<group>";
		};
		1D807D572CC3495B0078DD91 /* Frameworks */ = {
			isa = PBXGroup;
			children = (
				1DC0E9D72CC3959700C1A9BA /* StoreKit.framework */,
				1D807D582CC3495B0078DD91 /* MessageUI.framework */,
			);
			name = Frameworks;
			sourceTree = "<group>";
		};
		1D93E9C02CBE57A6006E077C = {
			isa = PBXGroup;
			children = (
				1D472FCD2DB208590077328B /* UserForeignCurrency+CoreDataClass.swift */,
				1D472FCE2DB208590077328B /* UserForeignCurrency+CoreDataProperties.swift */,
				1D472FCF2DB208590077328B /* Eurofxrefhist+CoreDataClass.swift */,
				1D472FD02DB208590077328B /* Eurofxrefhist+CoreDataProperties.swift */,
				1D93E9CB2CBE57A6006E077C /* ERdepot */,
				1D93E9DC2CBE57A8006E077C /* ERdepotTests */,
				1D93E9E62CBE57A8006E077C /* ERdepotUITests */,
				1D93E9CA2CBE57A6006E077C /* Products */,
				1D807D572CC3495B0078DD91 /* Frameworks */,
			);
			sourceTree = "<group>";
		};
		1D93E9CA2CBE57A6006E077C /* Products */ = {
			isa = PBXGroup;
			children = (
				1D93E9C92CBE57A6006E077C /* ERdepot.app */,
				1D93E9D92CBE57A8006E077C /* ERdepotTests.xctest */,
				1D93E9E32CBE57A8006E077C /* ERdepotUITests.xctest */,
			);
			name = Products;
			sourceTree = "<group>";
		};
		1D93E9CB2CBE57A6006E077C /* ERdepot */ = {
			isa = PBXGroup;
			children = (
				1D7882942DA22F330041AAF9 /* OtherFiles */,
				1D06A0592D9A477000A7E6A0 /* ERdepot.entitlements */,
				1D06A0542D9A3D0D00A7E6A0 /* StartPage */,
				1D2F73592D92F57600FC73BA /* ModelView */,
				1D2F73582D92F57000FC73BA /* Model */,
				1D0FA6D82D22510700ABF5F6 /* Strings */,
				1D1BABE82CBF4FDD00FDA031 /* View */,
				1D93E9CC2CBE57A6006E077C /* ERdepotApp.swift */,
				1D93E9CE2CBE57A6006E077C /* ContentView.swift */,
				1D93E9D02CBE57A8006E077C /* Assets.xcassets */,
				1D93E9D22CBE57A8006E077C /* Preview Content */,
				1D1BABA62CBF45C500FDA031 /* Localizable.xcstrings */,
				1D92F7502D05B5A7001E24F2 /* Info.plist */,
			);
			path = ERdepot;
			sourceTree = "<group>";
		};
		1D93E9D22CBE57A8006E077C /* Preview Content */ = {
			isa = PBXGroup;
			children = (
				1D93E9D32CBE57A8006E077C /* Preview Assets.xcassets */,
			);
			path = "Preview Content";
			sourceTree = "<group>";
		};
		1D93E9DC2CBE57A8006E077C /* ERdepotTests */ = {
			isa = PBXGroup;
			children = (
				1D93E9DD2CBE57A8006E077C /* ERdepotTests.swift */,
			);
			path = ERdepotTests;
			sourceTree = "<group>";
		};
		1D93E9E62CBE57A8006E077C /* ERdepotUITests */ = {
			isa = PBXGroup;
			children = (
				1D93E9E72CBE57A8006E077C /* ERdepotUITests.swift */,
				1D93E9E92CBE57A8006E077C /* ERdepotUITestsLaunchTests.swift */,
			);
			path = ERdepotUITests;
			sourceTree = "<group>";
		};
/* End PBXGroup section */

/* Begin PBXNativeTarget section */
		1D93E9C82CBE57A6006E077C /* ERdepot */ = {
			isa = PBXNativeTarget;
			buildConfigurationList = 1D93E9ED2CBE57A8006E077C /* Build configuration list for PBXNativeTarget "ERdepot" */;
			buildPhases = (
				1D93E9C52CBE57A6006E077C /* Sources */,
				1D93E9C62CBE57A6006E077C /* Frameworks */,
				1D93E9C72CBE57A6006E077C /* Resources */,
			);
			buildRules = (
			);
			dependencies = (
			);
			name = ERdepot;
			packageProductDependencies = (
				1DE82AEC2DABBFA500AF9A11 /* Zip */,
				1DE82AEF2DABBFB500AF9A11 /* Lottie */,
			);
			productName = ERdepot;
			productReference = 1D93E9C92CBE57A6006E077C /* ERdepot.app */;
			productType = "com.apple.product-type.application";
		};
		1D93E9D82CBE57A8006E077C /* ERdepotTests */ = {
			isa = PBXNativeTarget;
			buildConfigurationList = 1D93E9F02CBE57A8006E077C /* Build configuration list for PBXNativeTarget "ERdepotTests" */;
			buildPhases = (
				1D93E9D52CBE57A8006E077C /* Sources */,
				1D93E9D62CBE57A8006E077C /* Frameworks */,
				1D93E9D72CBE57A8006E077C /* Resources */,
			);
			buildRules = (
			);
			dependencies = (
				1D93E9DB2CBE57A8006E077C /* PBXTargetDependency */,
			);
			name = ERdepotTests;
			productName = ERdepotTests;
			productReference = 1D93E9D92CBE57A8006E077C /* ERdepotTests.xctest */;
			productType = "com.apple.product-type.bundle.unit-test";
		};
		1D93E9E22CBE57A8006E077C /* ERdepotUITests */ = {
			isa = PBXNativeTarget;
			buildConfigurationList = 1D93E9F32CBE57A8006E077C /* Build configuration list for PBXNativeTarget "ERdepotUITests" */;
			buildPhases = (
				1D93E9DF2CBE57A8006E077C /* Sources */,
				1D93E9E02CBE57A8006E077C /* Frameworks */,
				1D93E9E12CBE57A8006E077C /* Resources */,
			);
			buildRules = (
			);
			dependencies = (
				1D93E9E52CBE57A8006E077C /* PBXTargetDependency */,
			);
			name = ERdepotUITests;
			productName = ERdepotUITests;
			productReference = 1D93E9E32CBE57A8006E077C /* ERdepotUITests.xctest */;
			productType = "com.apple.product-type.bundle.ui-testing";
		};
/* End PBXNativeTarget section */

/* Begin PBXProject section */
		1D93E9C12CBE57A6006E077C /* Project object */ = {
			isa = PBXProject;
			attributes = {
				BuildIndependentTargetsInParallel = 1;
				LastSwiftUpdateCheck = 1540;
				LastUpgradeCheck = 1540;
				TargetAttributes = {
					1D93E9C82CBE57A6006E077C = {
						CreatedOnToolsVersion = 15.4;
					};
					1D93E9D82CBE57A8006E077C = {
						CreatedOnToolsVersion = 15.4;
						TestTargetID = 1D93E9C82CBE57A6006E077C;
					};
					1D93E9E22CBE57A8006E077C = {
						CreatedOnToolsVersion = 15.4;
						TestTargetID = 1D93E9C82CBE57A6006E077C;
					};
				};
			};
			buildConfigurationList = 1D93E9C42CBE57A6006E077C /* Build configuration list for PBXProject "ERdepot" */;
			compatibilityVersion = "Xcode 14.0";
			developmentRegion = en;
			hasScannedForEncodings = 0;
			knownRegions = (
				en,
				Base,
				ar,
				ca,
				"zh-HK",
				"zh-Hans",
				"zh-Hant",
				hr,
				cs,
				da,
				nl,
				"en-AU",
				"en-IN",
				"en-GB",
				fi,
				fr,
				"fr-CA",
				de,
				he,
				el,
				hi,
				hu,
				it,
				ms,
				"pt-BR",
				id,
				ja,
				ko,
				nb,
				pl,
				"pt-PT",
				ro,
				ru,
				sk,
				es,
				"es-419",
				sv,
				th,
				tr,
				uk,
				vi,
			);
			mainGroup = 1D93E9C02CBE57A6006E077C;
			packageReferences = (
				1DE82AEB2DABBFA500AF9A11 /* XCRemoteSwiftPackageReference "Zip" */,
				1DE82AEE2DABBFB500AF9A11 /* XCRemoteSwiftPackageReference "lottie-ios" */,
			);
			productRefGroup = 1D93E9CA2CBE57A6006E077C /* Products */;
			projectDirPath = "";
			projectRoot = "";
			targets = (
				1D93E9C82CBE57A6006E077C /* ERdepot */,
				1D93E9D82CBE57A8006E077C /* ERdepotTests */,
				1D93E9E22CBE57A8006E077C /* ERdepotUITests */,
			);
		};
/* End PBXProject section */

/* Begin PBXResourcesBuildPhase section */
		1D93E9C72CBE57A6006E077C /* Resources */ = {
			isa = PBXResourcesBuildPhase;
			buildActionMask = 2147483647;
			files = (
				1D0FA6DB2D22513A00ABF5F6 /* InfoPlist.strings in Resources */,
				1D38D4882DB9E9A600614E81 /* eurofxref-hist.csv in Resources */,
				1D1BABA72CBF45C500FDA031 /* Localizable.xcstrings in Resources */,
				1D93E9D42CBE57A8006E077C /* Preview Assets.xcassets in Resources */,
				1D06A0562D9A3D2A00A7E6A0 /* Launch Screen.storyboard in Resources */,
				1D927FBA2DCC586A00E96BA0 /* CryptoJSON.json in Resources */,
				1D93E9D12CBE57A8006E077C /* Assets.xcassets in Resources */,
				1D965DE92DCF73E90033EE9F /* Gold.json in Resources */,
			);
			runOnlyForDeploymentPostprocessing = 0;
		};
		1D93E9D72CBE57A8006E077C /* Resources */ = {
			isa = PBXResourcesBuildPhase;
			buildActionMask = 2147483647;
			files = (
			);
			runOnlyForDeploymentPostprocessing = 0;
		};
		1D93E9E12CBE57A8006E077C /* Resources */ = {
			isa = PBXResourcesBuildPhase;
			buildActionMask = 2147483647;
			files = (
			);
			runOnlyForDeploymentPostprocessing = 0;
		};
/* End PBXResourcesBuildPhase section */

/* Begin PBXSourcesBuildPhase section */
		1D93E9C52CBE57A6006E077C /* Sources */ = {
			isa = PBXSourcesBuildPhase;
			buildActionMask = 2147483647;
			files = (
				1DB52F032DAE7B66005A374E /* ExtensionDouble.swift in Sources */,
				1D16EDA72DB618DB001B6A12 /* ExchangeRateChart.swift in Sources */,
				1D78828B2DA1F2310041AAF9 /* StatisticsView.swift in Sources */,
				1D7882912DA1FA9F0041AAF9 /* ProfitView.swift in Sources */,
				1DF60D432DD058BD00CF5456 /* DailyGoldPrice.swift in Sources */,
				1D78828F2DA1F2970041AAF9 /* SetView.swift in Sources */,
				1D93E9CF2CBE57A6006E077C /* ContentView.swift in Sources */,
				1DF60D452DD0593100CF5456 /* StockIndex.swift in Sources */,
				1D68A7952DBE677C002B3DA0 /* ExchangeRateDataModel.xcdatamodeld in Sources */,
				1DF60D412DD057D500CF5456 /* Cryptocurrency.swift in Sources */,
				1D1AE4912DAE185F00642709 /* currencySymbol.swift in Sources */,
				1D263AFD2DA103CB00112259 /* ForeignCurrencyView.swift in Sources */,
				1D7882932DA20B880041AAF9 /* IAPManager.swift in Sources */,
				1D93E9CD2CBE57A6006E077C /* ERdepotApp.swift in Sources */,
				1D06A05D2D9A50C700A7E6A0 /* PrivacyPolicyView.swift in Sources */,
				1D38D48A2DBA17F300614E81 /* extensionBundle.swift in Sources */,
				1D06A0582D9A472C00A7E6A0 /* WelcomeView.swift in Sources */,
				1DD84DD52CC74DD300C55178 /* LottieView.swift in Sources */,
				1D1BABEC2CBF5EB000FDA031 /* Color.swift in Sources */,
				1D06A05F2D9A50DB00A7E6A0 /* HomeView.swift in Sources */,
				1D06A0532D9A2F5B00A7E6A0 /* BackgroundContext.swift in Sources */,
				1D4535FA2DA2B4FD001BFD9A /* ExchangeRate.swift in Sources */,
				1D7882892DA1F0DD0041AAF9 /* ConversionView.swift in Sources */,
				1D06A05B2D9A47CA00A7E6A0 /* AppStorageManager.swift in Sources */,
				1D927FB82DCC583100E96BA0 /* CryptoDTO.swift in Sources */,
				1D78828D2DA1F26A0041AAF9 /* ChangeCurrencyView.swift in Sources */,
				1D472FD12DB208590077328B /* UserForeignCurrency+CoreDataClass.swift in Sources */,
				1D472FD22DB208590077328B /* UserForeignCurrency+CoreDataProperties.swift in Sources */,
				1D472FD32DB208590077328B /* Eurofxrefhist+CoreDataClass.swift in Sources */,
				1D472FD42DB208590077328B /* Eurofxrefhist+CoreDataProperties.swift in Sources */,
				1D2097812DAAAAA400307A3D /* CoreDataPersistenceController.swift in Sources */,
				1D3AE1A62DB74C34006C48E0 /* ExchangeRateChartPoint.swift in Sources */,
			);
			runOnlyForDeploymentPostprocessing = 0;
		};
		1D93E9D52CBE57A8006E077C /* Sources */ = {
			isa = PBXSourcesBuildPhase;
			buildActionMask = 2147483647;
			files = (
				1D93E9DE2CBE57A8006E077C /* ERdepotTests.swift in Sources */,
			);
			runOnlyForDeploymentPostprocessing = 0;
		};
		1D93E9DF2CBE57A8006E077C /* Sources */ = {
			isa = PBXSourcesBuildPhase;
			buildActionMask = 2147483647;
			files = (
				1D93E9EA2CBE57A8006E077C /* ERdepotUITestsLaunchTests.swift in Sources */,
				1D93E9E82CBE57A8006E077C /* ERdepotUITests.swift in Sources */,
			);
			runOnlyForDeploymentPostprocessing = 0;
		};
/* End PBXSourcesBuildPhase section */

/* Begin PBXTargetDependency section */
		1D93E9DB2CBE57A8006E077C /* PBXTargetDependency */ = {
			isa = PBXTargetDependency;
			target = 1D93E9C82CBE57A6006E077C /* ERdepot */;
			targetProxy = 1D93E9DA2CBE57A8006E077C /* PBXContainerItemProxy */;
		};
		1D93E9E52CBE57A8006E077C /* PBXTargetDependency */ = {
			isa = PBXTargetDependency;
			target = 1D93E9C82CBE57A6006E077C /* ERdepot */;
			targetProxy = 1D93E9E42CBE57A8006E077C /* PBXContainerItemProxy */;
		};
/* End PBXTargetDependency section */

/* Begin PBXVariantGroup section */
		1D0FA6D92D22513A00ABF5F6 /* InfoPlist.strings */ = {
			isa = PBXVariantGroup;
			children = (
				1D0FA6DA2D22513A00ABF5F6 /* en */,
				1D0FA6DC2D22517500ABF5F6 /* ar */,
				1D0FA6DD2D22517600ABF5F6 /* ca */,
				1D0FA6DE2D22517700ABF5F6 /* zh-HK */,
				1D0FA6DF2D22517800ABF5F6 /* zh-Hans */,
				1D0FA6E12D22517D00ABF5F6 /* zh-Hant */,
				1DAF14342D93853E00AEE887 /* hr */,
				1DAF14352D93854000AEE887 /* cs */,
				1DAF14362D93854100AEE887 /* da */,
				1DAF14372D93854200AEE887 /* nl */,
				1DAF14382D93854500AEE887 /* en-AU */,
				1DAF14392D93854600AEE887 /* en-IN */,
				1DAF143A2D93854700AEE887 /* en-GB */,
				1DAF143B2D93854800AEE887 /* fi */,
				1DAF143C2D93854A00AEE887 /* fr */,
				1DAF143D2D93854A00AEE887 /* fr-CA */,
				1DAF143E2D93854E00AEE887 /* de */,
				1DAF143F2D93854F00AEE887 /* el */,
				1DAF14402D93855000AEE887 /* he */,
				1DAF14412D93855100AEE887 /* hi */,
				1DAF14422D93855200AEE887 /* hu */,
				1DAF14432D93855400AEE887 /* id */,
				1DAF14442D93855400AEE887 /* it */,
				1DAF14452D93855500AEE887 /* ja */,
				1DAF14462D93855600AEE887 /* ko */,
				1DAF14472D93855700AEE887 /* ms */,
				1DAF14482D93855800AEE887 /* nb */,
				1DAF14492D93855800AEE887 /* pl */,
				1DAF144A2D93855900AEE887 /* pt-BR */,
				1DAF144B2D93855A00AEE887 /* pt-PT */,
				1DAF144C2D93855B00AEE887 /* ro */,
				1DAF144D2D93855B00AEE887 /* ru */,
				1DAF144E2D93855C00AEE887 /* sk */,
				1DAF144F2D93855D00AEE887 /* es */,
				1DAF14502D93855D00AEE887 /* es-419 */,
				1DAF14512D93855F00AEE887 /* sv */,
				1DAF14522D93855F00AEE887 /* th */,
				1DAF14532D93856000AEE887 /* tr */,
				1DAF14542D93856300AEE887 /* uk */,
				1DAF14552D93856400AEE887 /* vi */,
			);
			name = InfoPlist.strings;
			sourceTree = "<group>";
		};
/* End PBXVariantGroup section */

/* Begin XCBuildConfiguration section */
		1D93E9EB2CBE57A8006E077C /* Debug */ = {
			isa = XCBuildConfiguration;
			buildSettings = {
				ALWAYS_SEARCH_USER_PATHS = NO;
				ASSETCATALOG_COMPILER_GENERATE_SWIFT_ASSET_SYMBOL_EXTENSIONS = YES;
				CLANG_ANALYZER_LOCALIZABILITY_NONLOCALIZED = YES;
				CLANG_ANALYZER_NONNULL = YES;
				CLANG_ANALYZER_NUMBER_OBJECT_CONVERSION = YES_AGGRESSIVE;
				CLANG_CXX_LANGUAGE_STANDARD = "gnu++20";
				CLANG_ENABLE_MODULES = YES;
				CLANG_ENABLE_OBJC_ARC = YES;
				CLANG_ENABLE_OBJC_WEAK = YES;
				CLANG_WARN_BLOCK_CAPTURE_AUTORELEASING = YES;
				CLANG_WARN_BOOL_CONVERSION = YES;
				CLANG_WARN_COMMA = YES;
				CLANG_WARN_CONSTANT_CONVERSION = YES;
				CLANG_WARN_DEPRECATED_OBJC_IMPLEMENTATIONS = YES;
				CLANG_WARN_DIRECT_OBJC_ISA_USAGE = YES_ERROR;
				CLANG_WARN_DOCUMENTATION_COMMENTS = YES;
				CLANG_WARN_EMPTY_BODY = YES;
				CLANG_WARN_ENUM_CONVERSION = YES;
				CLANG_WARN_INFINITE_RECURSION = YES;
				CLANG_WARN_INT_CONVERSION = YES;
				CLANG_WARN_NON_LITERAL_NULL_CONVERSION = YES;
				CLANG_WARN_OBJC_IMPLICIT_RETAIN_SELF = YES;
				CLANG_WARN_OBJC_LITERAL_CONVERSION = YES;
				CLANG_WARN_OBJC_ROOT_CLASS = YES_ERROR;
				CLANG_WARN_QUOTED_INCLUDE_IN_FRAMEWORK_HEADER = YES;
				CLANG_WARN_RANGE_LOOP_ANALYSIS = YES;
				CLANG_WARN_STRICT_PROTOTYPES = YES;
				CLANG_WARN_SUSPICIOUS_MOVE = YES;
				CLANG_WARN_UNGUARDED_AVAILABILITY = YES_AGGRESSIVE;
				CLANG_WARN_UNREACHABLE_CODE = YES;
				CLANG_WARN__DUPLICATE_METHOD_MATCH = YES;
				COPY_PHASE_STRIP = NO;
				DEBUG_INFORMATION_FORMAT = dwarf;
				ENABLE_STRICT_OBJC_MSGSEND = YES;
				ENABLE_TESTABILITY = YES;
				ENABLE_USER_SCRIPT_SANDBOXING = YES;
				GCC_C_LANGUAGE_STANDARD = gnu17;
				GCC_DYNAMIC_NO_PIC = NO;
				GCC_NO_COMMON_BLOCKS = YES;
				GCC_OPTIMIZATION_LEVEL = 0;
				GCC_PREPROCESSOR_DEFINITIONS = (
					"DEBUG=1",
					"$(inherited)",
				);
				GCC_WARN_64_TO_32_BIT_CONVERSION = YES;
				GCC_WARN_ABOUT_RETURN_TYPE = YES_ERROR;
				GCC_WARN_UNDECLARED_SELECTOR = YES;
				GCC_WARN_UNINITIALIZED_AUTOS = YES_AGGRESSIVE;
				GCC_WARN_UNUSED_FUNCTION = YES;
				GCC_WARN_UNUSED_VARIABLE = YES;
				INFOPLIST_KEY_NSDownloadsFolderUsageDescription = "";
				INFOPLIST_KEY_OSBundleUsageDescription = "";
				INFOPLIST_PREPROCESS = NO;
				IPHONEOS_DEPLOYMENT_TARGET = 15.0;
				LOCALIZATION_PREFERS_STRING_CATALOGS = YES;
				MTL_ENABLE_DEBUG_INFO = INCLUDE_SOURCE;
				MTL_FAST_MATH = YES;
				ONLY_ACTIVE_ARCH = YES;
				SDKROOT = iphoneos;
				SWIFT_ACTIVE_COMPILATION_CONDITIONS = "DEBUG $(inherited)";
				SWIFT_OPTIMIZATION_LEVEL = "-Onone";
			};
			name = Debug;
		};
		1D93E9EC2CBE57A8006E077C /* Release */ = {
			isa = XCBuildConfiguration;
			buildSettings = {
				ALWAYS_SEARCH_USER_PATHS = NO;
				ASSETCATALOG_COMPILER_GENERATE_SWIFT_ASSET_SYMBOL_EXTENSIONS = YES;
				CLANG_ANALYZER_LOCALIZABILITY_NONLOCALIZED = YES;
				CLANG_ANALYZER_NONNULL = YES;
				CLANG_ANALYZER_NUMBER_OBJECT_CONVERSION = YES_AGGRESSIVE;
				CLANG_CXX_LANGUAGE_STANDARD = "gnu++20";
				CLANG_ENABLE_MODULES = YES;
				CLANG_ENABLE_OBJC_ARC = YES;
				CLANG_ENABLE_OBJC_WEAK = YES;
				CLANG_WARN_BLOCK_CAPTURE_AUTORELEASING = YES;
				CLANG_WARN_BOOL_CONVERSION = YES;
				CLANG_WARN_COMMA = YES;
				CLANG_WARN_CONSTANT_CONVERSION = YES;
				CLANG_WARN_DEPRECATED_OBJC_IMPLEMENTATIONS = YES;
				CLANG_WARN_DIRECT_OBJC_ISA_USAGE = YES_ERROR;
				CLANG_WARN_DOCUMENTATION_COMMENTS = YES;
				CLANG_WARN_EMPTY_BODY = YES;
				CLANG_WARN_ENUM_CONVERSION = YES;
				CLANG_WARN_INFINITE_RECURSION = YES;
				CLANG_WARN_INT_CONVERSION = YES;
				CLANG_WARN_NON_LITERAL_NULL_CONVERSION = YES;
				CLANG_WARN_OBJC_IMPLICIT_RETAIN_SELF = YES;
				CLANG_WARN_OBJC_LITERAL_CONVERSION = YES;
				CLANG_WARN_OBJC_ROOT_CLASS = YES_ERROR;
				CLANG_WARN_QUOTED_INCLUDE_IN_FRAMEWORK_HEADER = YES;
				CLANG_WARN_RANGE_LOOP_ANALYSIS = YES;
				CLANG_WARN_STRICT_PROTOTYPES = YES;
				CLANG_WARN_SUSPICIOUS_MOVE = YES;
				CLANG_WARN_UNGUARDED_AVAILABILITY = YES_AGGRESSIVE;
				CLANG_WARN_UNREACHABLE_CODE = YES;
				CLANG_WARN__DUPLICATE_METHOD_MATCH = YES;
				COPY_PHASE_STRIP = NO;
				DEBUG_INFORMATION_FORMAT = "dwarf-with-dsym";
				ENABLE_NS_ASSERTIONS = NO;
				ENABLE_STRICT_OBJC_MSGSEND = YES;
				ENABLE_USER_SCRIPT_SANDBOXING = YES;
				GCC_C_LANGUAGE_STANDARD = gnu17;
				GCC_NO_COMMON_BLOCKS = YES;
				GCC_WARN_64_TO_32_BIT_CONVERSION = YES;
				GCC_WARN_ABOUT_RETURN_TYPE = YES_ERROR;
				GCC_WARN_UNDECLARED_SELECTOR = YES;
				GCC_WARN_UNINITIALIZED_AUTOS = YES_AGGRESSIVE;
				GCC_WARN_UNUSED_FUNCTION = YES;
				GCC_WARN_UNUSED_VARIABLE = YES;
				INFOPLIST_KEY_NSDownloadsFolderUsageDescription = "";
				INFOPLIST_KEY_OSBundleUsageDescription = "";
				INFOPLIST_PREPROCESS = NO;
				IPHONEOS_DEPLOYMENT_TARGET = 15.0;
				LOCALIZATION_PREFERS_STRING_CATALOGS = YES;
				MTL_ENABLE_DEBUG_INFO = NO;
				MTL_FAST_MATH = YES;
				SDKROOT = iphoneos;
				SWIFT_COMPILATION_MODE = wholemodule;
				VALIDATE_PRODUCT = YES;
			};
			name = Release;
		};
		1D93E9EE2CBE57A8006E077C /* Debug */ = {
			isa = XCBuildConfiguration;
			buildSettings = {
				ASSETCATALOG_COMPILER_APPICON_NAME = AppIcon;
				ASSETCATALOG_COMPILER_GLOBAL_ACCENT_COLOR_NAME = AccentColor;
				CODE_SIGN_ENTITLEMENTS = ERdepot/ERdepot.entitlements;
				CODE_SIGN_STYLE = Automatic;
				CURRENT_PROJECT_VERSION = 8;
				DEVELOPMENT_ASSET_PATHS = "\"ERdepot/Preview Content\"";
				DEVELOPMENT_TEAM = RRMSD743UQ;
				ENABLE_PREVIEWS = YES;
				GENERATE_INFOPLIST_FILE = YES;
				INFOPLIST_FILE = ERdepot/Info.plist;
				INFOPLIST_KEY_NSDownloadsFolderUsageDescription = "";
				INFOPLIST_KEY_NSLocationWhenInUseUsageDescription = "";
				INFOPLIST_KEY_OSBundleUsageDescription = "";
				INFOPLIST_KEY_UIApplicationSceneManifest_Generation = YES;
				INFOPLIST_KEY_UIApplicationSupportsIndirectInputEvents = YES;
				INFOPLIST_KEY_UILaunchScreen_Generation = YES;
				INFOPLIST_KEY_UILaunchStoryboardName = "Launch Screen.storyboard";
				INFOPLIST_KEY_UISupportedInterfaceOrientations = "UIInterfaceOrientationLandscapeLeft UIInterfaceOrientationLandscapeRight UIInterfaceOrientationPortrait UIInterfaceOrientationPortraitUpsideDown";
				IPHONEOS_DEPLOYMENT_TARGET = 15.0;
				LD_RUNPATH_SEARCH_PATHS = (
					"$(inherited)",
					"@executable_path/Frameworks",
				);
				MARKETING_VERSION = 1.0.4;
				PRODUCT_BUNDLE_IDENTIFIER = com.fangjunyu.ERdepot;
				PRODUCT_NAME = "$(TARGET_NAME)";
				SUPPORTED_PLATFORMS = "iphoneos iphonesimulator";
				SUPPORTS_MACCATALYST = NO;
				SUPPORTS_MAC_DESIGNED_FOR_IPHONE_IPAD = NO;
				SUPPORTS_XR_DESIGNED_FOR_IPHONE_IPAD = NO;
				SWIFT_EMIT_LOC_STRINGS = YES;
				SWIFT_VERSION = 5.0;
				TARGETED_DEVICE_FAMILY = "1,2";
			};
			name = Debug;
		};
		1D93E9EF2CBE57A8006E077C /* Release */ = {
			isa = XCBuildConfiguration;
			buildSettings = {
				ASSETCATALOG_COMPILER_APPICON_NAME = AppIcon;
				ASSETCATALOG_COMPILER_GLOBAL_ACCENT_COLOR_NAME = AccentColor;
				CODE_SIGN_ENTITLEMENTS = ERdepot/ERdepot.entitlements;
				CODE_SIGN_STYLE = Automatic;
				CURRENT_PROJECT_VERSION = 8;
				DEVELOPMENT_ASSET_PATHS = "\"ERdepot/Preview Content\"";
				DEVELOPMENT_TEAM = RRMSD743UQ;
				ENABLE_PREVIEWS = YES;
				GENERATE_INFOPLIST_FILE = YES;
				INFOPLIST_FILE = ERdepot/Info.plist;
				INFOPLIST_KEY_NSDownloadsFolderUsageDescription = "";
				INFOPLIST_KEY_NSLocationWhenInUseUsageDescription = "";
				INFOPLIST_KEY_OSBundleUsageDescription = "";
				INFOPLIST_KEY_UIApplicationSceneManifest_Generation = YES;
				INFOPLIST_KEY_UIApplicationSupportsIndirectInputEvents = YES;
				INFOPLIST_KEY_UILaunchScreen_Generation = YES;
				INFOPLIST_KEY_UILaunchStoryboardName = "Launch Screen.storyboard";
				INFOPLIST_KEY_UISupportedInterfaceOrientations = "UIInterfaceOrientationLandscapeLeft UIInterfaceOrientationLandscapeRight UIInterfaceOrientationPortrait UIInterfaceOrientationPortraitUpsideDown";
				IPHONEOS_DEPLOYMENT_TARGET = 15.0;
				LD_RUNPATH_SEARCH_PATHS = (
					"$(inherited)",
					"@executable_path/Frameworks",
				);
				MARKETING_VERSION = 1.0.4;
				PRODUCT_BUNDLE_IDENTIFIER = com.fangjunyu.ERdepot;
				PRODUCT_NAME = "$(TARGET_NAME)";
				SUPPORTED_PLATFORMS = "iphoneos iphonesimulator";
				SUPPORTS_MACCATALYST = NO;
				SUPPORTS_MAC_DESIGNED_FOR_IPHONE_IPAD = NO;
				SUPPORTS_XR_DESIGNED_FOR_IPHONE_IPAD = NO;
				SWIFT_EMIT_LOC_STRINGS = YES;
				SWIFT_VERSION = 5.0;
				TARGETED_DEVICE_FAMILY = "1,2";
			};
			name = Release;
		};
		1D93E9F12CBE57A8006E077C /* Debug */ = {
			isa = XCBuildConfiguration;
			buildSettings = {
				ALWAYS_EMBED_SWIFT_STANDARD_LIBRARIES = YES;
				BUNDLE_LOADER = "$(TEST_HOST)";
				CODE_SIGN_STYLE = Automatic;
				CURRENT_PROJECT_VERSION = 1;
				DEVELOPMENT_TEAM = RRMSD743UQ;
				GENERATE_INFOPLIST_FILE = YES;
				IPHONEOS_DEPLOYMENT_TARGET = 17.5;
				MARKETING_VERSION = 1.0;
				PRODUCT_BUNDLE_IDENTIFIER = com.fangjunyu.ERdepotTests;
				PRODUCT_NAME = "$(TARGET_NAME)";
				SWIFT_EMIT_LOC_STRINGS = NO;
				SWIFT_VERSION = 5.0;
				TARGETED_DEVICE_FAMILY = "1,2";
				TEST_HOST = "$(BUILT_PRODUCTS_DIR)/ERdepot.app/$(BUNDLE_EXECUTABLE_FOLDER_PATH)/ERdepot";
			};
			name = Debug;
		};
		1D93E9F22CBE57A8006E077C /* Release */ = {
			isa = XCBuildConfiguration;
			buildSettings = {
				ALWAYS_EMBED_SWIFT_STANDARD_LIBRARIES = YES;
				BUNDLE_LOADER = "$(TEST_HOST)";
				CODE_SIGN_STYLE = Automatic;
				CURRENT_PROJECT_VERSION = 1;
				DEVELOPMENT_TEAM = RRMSD743UQ;
				GENERATE_INFOPLIST_FILE = YES;
				IPHONEOS_DEPLOYMENT_TARGET = 17.5;
				MARKETING_VERSION = 1.0;
				PRODUCT_BUNDLE_IDENTIFIER = com.fangjunyu.ERdepotTests;
				PRODUCT_NAME = "$(TARGET_NAME)";
				SWIFT_EMIT_LOC_STRINGS = NO;
				SWIFT_VERSION = 5.0;
				TARGETED_DEVICE_FAMILY = "1,2";
				TEST_HOST = "$(BUILT_PRODUCTS_DIR)/ERdepot.app/$(BUNDLE_EXECUTABLE_FOLDER_PATH)/ERdepot";
			};
			name = Release;
		};
		1D93E9F42CBE57A8006E077C /* Debug */ = {
			isa = XCBuildConfiguration;
			buildSettings = {
				ALWAYS_EMBED_SWIFT_STANDARD_LIBRARIES = YES;
				CODE_SIGN_STYLE = Automatic;
				CURRENT_PROJECT_VERSION = 1;
				DEVELOPMENT_TEAM = RRMSD743UQ;
				GENERATE_INFOPLIST_FILE = YES;
				MARKETING_VERSION = 1.0;
				PRODUCT_BUNDLE_IDENTIFIER = com.fangjunyu.ERdepotUITests;
				PRODUCT_NAME = "$(TARGET_NAME)";
				SWIFT_EMIT_LOC_STRINGS = NO;
				SWIFT_VERSION = 5.0;
				TARGETED_DEVICE_FAMILY = "1,2";
				TEST_TARGET_NAME = ERdepot;
			};
			name = Debug;
		};
		1D93E9F52CBE57A8006E077C /* Release */ = {
			isa = XCBuildConfiguration;
			buildSettings = {
				ALWAYS_EMBED_SWIFT_STANDARD_LIBRARIES = YES;
				CODE_SIGN_STYLE = Automatic;
				CURRENT_PROJECT_VERSION = 1;
				DEVELOPMENT_TEAM = RRMSD743UQ;
				GENERATE_INFOPLIST_FILE = YES;
				MARKETING_VERSION = 1.0;
				PRODUCT_BUNDLE_IDENTIFIER = com.fangjunyu.ERdepotUITests;
				PRODUCT_NAME = "$(TARGET_NAME)";
				SWIFT_EMIT_LOC_STRINGS = NO;
				SWIFT_VERSION = 5.0;
				TARGETED_DEVICE_FAMILY = "1,2";
				TEST_TARGET_NAME = ERdepot;
			};
			name = Release;
		};
/* End XCBuildConfiguration section */

/* Begin XCConfigurationList section */
		1D93E9C42CBE57A6006E077C /* Build configuration list for PBXProject "ERdepot" */ = {
			isa = XCConfigurationList;
			buildConfigurations = (
				1D93E9EB2CBE57A8006E077C /* Debug */,
				1D93E9EC2CBE57A8006E077C /* Release */,
			);
			defaultConfigurationIsVisible = 0;
			defaultConfigurationName = Release;
		};
		1D93E9ED2CBE57A8006E077C /* Build configuration list for PBXNativeTarget "ERdepot" */ = {
			isa = XCConfigurationList;
			buildConfigurations = (
				1D93E9EE2CBE57A8006E077C /* Debug */,
				1D93E9EF2CBE57A8006E077C /* Release */,
			);
			defaultConfigurationIsVisible = 0;
			defaultConfigurationName = Release;
		};
		1D93E9F02CBE57A8006E077C /* Build configuration list for PBXNativeTarget "ERdepotTests" */ = {
			isa = XCConfigurationList;
			buildConfigurations = (
				1D93E9F12CBE57A8006E077C /* Debug */,
				1D93E9F22CBE57A8006E077C /* Release */,
			);
			defaultConfigurationIsVisible = 0;
			defaultConfigurationName = Release;
		};
		1D93E9F32CBE57A8006E077C /* Build configuration list for PBXNativeTarget "ERdepotUITests" */ = {
			isa = XCConfigurationList;
			buildConfigurations = (
				1D93E9F42CBE57A8006E077C /* Debug */,
				1D93E9F52CBE57A8006E077C /* Release */,
			);
			defaultConfigurationIsVisible = 0;
			defaultConfigurationName = Release;
		};
/* End XCConfigurationList section */

/* Begin XCRemoteSwiftPackageReference section */
		1DE82AEB2DABBFA500AF9A11 /* XCRemoteSwiftPackageReference "Zip" */ = {
			isa = XCRemoteSwiftPackageReference;
			repositoryURL = "https://github.com/marmelroy/Zip";
			requirement = {
				kind = upToNextMajorVersion;
				minimumVersion = 2.1.2;
			};
		};
		1DE82AEE2DABBFB500AF9A11 /* XCRemoteSwiftPackageReference "lottie-ios" */ = {
			isa = XCRemoteSwiftPackageReference;
			repositoryURL = "https://github.com/airbnb/lottie-ios";
			requirement = {
				kind = upToNextMajorVersion;
				minimumVersion = 4.5.1;
			};
		};
/* End XCRemoteSwiftPackageReference section */

/* Begin XCSwiftPackageProductDependency section */
		1DE82AEC2DABBFA500AF9A11 /* Zip */ = {
			isa = XCSwiftPackageProductDependency;
			package = 1DE82AEB2DABBFA500AF9A11 /* XCRemoteSwiftPackageReference "Zip" */;
			productName = Zip;
		};
		1DE82AEF2DABBFB500AF9A11 /* Lottie */ = {
			isa = XCSwiftPackageProductDependency;
			package = 1DE82AEE2DABBFB500AF9A11 /* XCRemoteSwiftPackageReference "lottie-ios" */;
			productName = Lottie;
		};
/* End XCSwiftPackageProductDependency section */

/* Begin XCVersionGroup section */
		1D68A7932DBE677C002B3DA0 /* ExchangeRateDataModel.xcdatamodeld */ = {
			isa = XCVersionGroup;
			children = (
				1D68A7942DBE677C002B3DA0 /* ExchangeRateDataModel.xcdatamodel */,
			);
			currentVersion = 1D68A7942DBE677C002B3DA0 /* ExchangeRateDataModel.xcdatamodel */;
			path = ExchangeRateDataModel.xcdatamodeld;
			sourceTree = "<group>";
			versionGroupType = wrapper.xcdatamodel;
		};
/* End XCVersionGroup section */
	};
	rootObject = 1D93E9C12CBE57A6006E077C /* Project object */;
}
