{
  "originHash" : "308ffceb5ca69bdf3283a9bfa285182861f234b77753a9393d9a9a4ff6ee5b91",
  "pins" : [
    {
      "identity" : "lottie-ios",
      "kind" : "remoteSourceControl",
      "location" : "https://github.com/airbnb/lottie-ios",
      "state" : {
        "revision" : "047aa81b77adcbf583a966dfef620d17650cc656",
        "version" : "4.5.1"
      }
    },
    {
      "identity" : "swiftuicharts",
      "kind" : "remoteSourceControl",
      "location" : "https://github.com/willdale/SwiftUICharts",
      "state" : {
        "revision" : "c16f47217d1e32900f6b37c322d419945fadae9c",
        "version" : "2.10.4"
      }
    },
    {
      "identity" : "zip",
      "kind" : "remoteSourceControl",
      "location" : "https://github.com/marmelroy/Zip",
      "state" : {
        "revision" : "67fa55813b9e7b3b9acee9c0ae501def28746d76",
        "version" : "2.1.2"
      }
    }
  ],
  "version" : 3
}
